
Microsoft Visual Studio Solution File, Format Version 12.00
# Visual Studio Version 17
VisualStudioVersion = 17.2.32616.157
MinimumVisualStudioVersion = 10.0.40219.1
Project("{FAE04EC0-301F-11D3-BF4B-00C04F79EFBC}") = "PayloadCapture", "PayloadCapture.csproj", "{9E83577B-B569-4CD4-AE27-CF2B3CD156DF}"
EndProject
Global
	GlobalSection(SolutionConfigurationPlatforms) = preSolution
		Debug|Any CPU = Debug|Any CPU
		Release|Any CPU = Release|Any CPU
	EndGlobalSection
	GlobalSection(ProjectConfigurationPlatforms) = postSolution
		{9E83577B-B569-4CD4-AE27-CF2B3CD156DF}.Debug|Any CPU.ActiveCfg = Debug|Any CPU
		{9E83577B-B569-4CD4-AE27-CF2B3CD156DF}.Debug|Any CPU.Build.0 = Debug|Any CPU
		{9E83577B-B569-4CD4-AE27-CF2B3CD156DF}.Release|Any CPU.ActiveCfg = Release|Any CPU
		{9E83577B-B569-4CD4-AE27-CF2B3CD156DF}.Release|Any CPU.Build.0 = Release|Any CPU
	EndGlobalSection
	GlobalSection(SolutionProperties) = preSolution
		HideSolutionNode = FALSE
	EndGlobalSection
	GlobalSection(ExtensibilityGlobals) = postSolution
		SolutionGuid = {93864878-C028-44D1-AED9-C89B2EBFF203}
	EndGlobalSection
EndGlobal
